
Microsoft Visual Studio Solution File, Format Version 12.00
# Visual Studio Version 16
VisualStudioVersion = 16.0.33927.289
MinimumVisualStudioVersion = 10.0.40219.1
Project("{2150E333-8FDC-42A3-9474-1A3956D46DE8}") = "Task0", "Task0", "{8796B8CF-7645-4185-B789-8B3A30371638}"
EndProject
Project("{FAE04EC0-301F-11D3-BF4B-00C04F79EFBC}") = "Tyuiu.BotterVV.Sprint4.Task0.V1", "Tyuiu.BotterVV.Sprint4.Task0.V1\Tyuiu.BotterVV.Sprint4.Task0.V1.csproj", "{9AACCFF1-2F73-4E53-BCC1-0D21492BFD4E}"
EndProject
Project("{FAE04EC0-301F-11D3-BF4B-00C04F79EFBC}") = "Tyuiu.BotterVV.Sprint4.Task0.V1.Lib", "Tyuiu.BotterVV.Sprint4.Task0.V1.Lib\Tyuiu.BotterVV.Sprint4.Task0.V1.Lib.csproj", "{8967A750-832F-4AD4-B8F1-8C732B587068}"
EndProject
Project("{FAE04EC0-301F-11D3-BF4B-00C04F79EFBC}") = "Tyuiu.BotterVV.Sprint4.Task0.V1.Test", "Tyuiu.BotterVV.Sprint4.Task0.V1.Test\Tyuiu.BotterVV.Sprint4.Task0.V1.Test.csproj", "{1FC6F726-6F2C-4EC1-9927-2C91B1490D39}"
EndProject
Project("{2150E333-8FDC-42A3-9474-1A3956D46DE8}") = "Task1", "Task1", "{F8E2F5F4-F8A1-45EB-BD5D-26374D50B2D6}"
EndProject
Project("{FAE04EC0-301F-11D3-BF4B-00C04F79EFBC}") = "Tyuiu.BotterVV.Sprint4.Task1.V24", "Tyuiu.BotterVV.Sprint4.Task1.V24\Tyuiu.BotterVV.Sprint4.Task1.V24.csproj", "{386D4FC1-4AD3-483A-8DBC-B71C3871AEAA}"
EndProject
Project("{FAE04EC0-301F-11D3-BF4B-00C04F79EFBC}") = "Tyuiu.BotterVV.Sprint4.Task1.V24.Test", "Tyuiu.BotterVV.Sprint4.Task1.V24.Test\Tyuiu.BotterVV.Sprint4.Task1.V24.Test.csproj", "{9F0F0230-BDC2-4AFF-AD43-1318954BFAD5}"
EndProject
Project("{FAE04EC0-301F-11D3-BF4B-00C04F79EFBC}") = "Tyuiu.BotterVV.Sprint4.Task1.V24.Lib", "Tyuiu.BotterVV.Sprint4.Task1.V24.Lib\Tyuiu.BotterVV.Sprint4.Task1.V24.Lib.csproj", "{702ABBF6-48C4-4612-894F-AA154FA7302C}"
EndProject
Project("{2150E333-8FDC-42A3-9474-1A3956D46DE8}") = "Task2", "Task2", "{2C1692C3-FE66-4596-805F-AB8F88AEA711}"
EndProject
Project("{FAE04EC0-301F-11D3-BF4B-00C04F79EFBC}") = "Tyuiu.BotterVV.Sprint4.Task2.V19", "Tyuiu.BotterVV.Sprint4.Task2.V19\Tyuiu.BotterVV.Sprint4.Task2.V19.csproj", "{CE7162E3-F496-4AE1-81E8-1FAB1BC6B2F9}"
EndProject
Project("{FAE04EC0-301F-11D3-BF4B-00C04F79EFBC}") = "Tyuiu.BotterVV.Sprint4.Task2.V19.Test", "Tyuiu.BotterVV.Sprint4.Task2.V19.Test\Tyuiu.BotterVV.Sprint4.Task2.V19.Test.csproj", "{ED21903E-F376-44BF-AAE8-DA13AB7D9ABB}"
EndProject
Project("{FAE04EC0-301F-11D3-BF4B-00C04F79EFBC}") = "Tyuiu.BotterVV.Sprint4.Task2.V19.Lib", "Tyuiu.BotterVV.Sprint4.Task2.V19.Lib\Tyuiu.BotterVV.Sprint4.Task2.V19.Lib.csproj", "{412A55F0-C0F9-43DD-910C-E45EFE4C5D60}"
EndProject
Project("{2150E333-8FDC-42A3-9474-1A3956D46DE8}") = "Task3", "Task3", "{AA563DD5-DC99-4D62-8D7D-2223F0523A8D}"
EndProject
Project("{FAE04EC0-301F-11D3-BF4B-00C04F79EFBC}") = "Tyuiu.BotterVV.Sprint4.Task3.V3", "Tyuiu.BotterVV.Sprint4.Task3.V3\Tyuiu.BotterVV.Sprint4.Task3.V3.csproj", "{67C4755B-E314-47F7-825C-E24C93636366}"
EndProject
Project("{FAE04EC0-301F-11D3-BF4B-00C04F79EFBC}") = "Tyuiu.BotterVV.Sprint4.Task3.V3.Lib", "Tyuiu.BotterVV.Sprint4.Task3.V3.Lib\Tyuiu.BotterVV.Sprint4.Task3.V3.Lib.csproj", "{72210864-FCDA-49FD-A263-63D494C49646}"
EndProject
Project("{FAE04EC0-301F-11D3-BF4B-00C04F79EFBC}") = "Tyuiu.BotterVV.Sprint4.Task3.V3.Test", "Tyuiu.BotterVV.Sprint4.Task3.V3.Test\Tyuiu.BotterVV.Sprint4.Task3.V3.Test.csproj", "{2F21A767-9E5A-401F-8432-F093B07B523A}"
EndProject
Project("{2150E333-8FDC-42A3-9474-1A3956D46DE8}") = "Task4", "Task4", "{BA4BBAB6-4B72-4526-B91E-7036DDBF900B}"
EndProject
Project("{FAE04EC0-301F-11D3-BF4B-00C04F79EFBC}") = "Tyuiu.BotterVV.Sprint4.Task4.V2", "Tyuiu.BotterVV.Sprint4.Task4.V2\Tyuiu.BotterVV.Sprint4.Task4.V2.csproj", "{EB2A5BE9-8BC2-4D8C-9634-B253686D05FC}"
EndProject
Project("{FAE04EC0-301F-11D3-BF4B-00C04F79EFBC}") = "Tyuiu.BotterVV.Sprint4.Task4.V2.Test", "Tyuiu.BotterVV.Sprint4.Task4.V2.Test\Tyuiu.BotterVV.Sprint4.Task4.V2.Test.csproj", "{7A540A08-894C-44CE-A843-E1E2B67C0B27}"
EndProject
Project("{FAE04EC0-301F-11D3-BF4B-00C04F79EFBC}") = "Tyuiu.BotterVV.Sprint4.Task4.V2.Lib", "Tyuiu.BotterVV.Sprint4.Task4.V2.Lib\Tyuiu.BotterVV.Sprint4.Task4.V2.Lib.csproj", "{B868A8E4-DF84-4464-83E0-78C660E19B05}"
EndProject
Project("{2150E333-8FDC-42A3-9474-1A3956D46DE8}") = "Task5", "Task5", "{DDFA9A5C-4724-4B9C-A933-A6698EF36EB3}"
EndProject
Project("{FAE04EC0-301F-11D3-BF4B-00C04F79EFBC}") = "Tyuiu.BotterVV.Sprint4.Task5.V10", "Tyuiu.BotterVV.Sprint4.Task5.V10\Tyuiu.BotterVV.Sprint4.Task5.V10.csproj", "{197FA701-1B1F-4A07-84E9-BEFB8EB9FEA6}"
EndProject
Project("{FAE04EC0-301F-11D3-BF4B-00C04F79EFBC}") = "Tyuiu.BotterVV.Sprint4.Task5.V10.Lib", "Tyuiu.BotterVV.Sprint4.Task5.V10.Lib\Tyuiu.BotterVV.Sprint4.Task5.V10.Lib.csproj", "{F37BD781-7B94-439A-83C9-FC52DB859DEE}"
EndProject
Project("{FAE04EC0-301F-11D3-BF4B-00C04F79EFBC}") = "Tyuiu.BotterVV.Sprint4.Task5.V10.Test", "Tyuiu.BotterVV.Sprint4.Task5.V10.Test\Tyuiu.BotterVV.Sprint4.Task5.V10.Test.csproj", "{D4734D9D-59A4-4FFD-9A0A-1E8215E259B3}"
EndProject
Global
	GlobalSection(SolutionConfigurationPlatforms) = preSolution
		Debug|Any CPU = Debug|Any CPU
		Release|Any CPU = Release|Any CPU
	EndGlobalSection
	GlobalSection(ProjectConfigurationPlatforms) = postSolution
		{9AACCFF1-2F73-4E53-BCC1-0D21492BFD4E}.Debug|Any CPU.ActiveCfg = Debug|Any CPU
		{9AACCFF1-2F73-4E53-BCC1-0D21492BFD4E}.Debug|Any CPU.Build.0 = Debug|Any CPU
		{9AACCFF1-2F73-4E53-BCC1-0D21492BFD4E}.Release|Any CPU.ActiveCfg = Release|Any CPU
		{9AACCFF1-2F73-4E53-BCC1-0D21492BFD4E}.Release|Any CPU.Build.0 = Release|Any CPU
		{8967A750-832F-4AD4-B8F1-8C732B587068}.Debug|Any CPU.ActiveCfg = Debug|Any CPU
		{8967A750-832F-4AD4-B8F1-8C732B587068}.Debug|Any CPU.Build.0 = Debug|Any CPU
		{8967A750-832F-4AD4-B8F1-8C732B587068}.Release|Any CPU.ActiveCfg = Release|Any CPU
		{8967A750-832F-4AD4-B8F1-8C732B587068}.Release|Any CPU.Build.0 = Release|Any CPU
		{1FC6F726-6F2C-4EC1-9927-2C91B1490D39}.Debug|Any CPU.ActiveCfg = Debug|Any CPU
		{1FC6F726-6F2C-4EC1-9927-2C91B1490D39}.Debug|Any CPU.Build.0 = Debug|Any CPU
		{1FC6F726-6F2C-4EC1-9927-2C91B1490D39}.Release|Any CPU.ActiveCfg = Release|Any CPU
		{1FC6F726-6F2C-4EC1-9927-2C91B1490D39}.Release|Any CPU.Build.0 = Release|Any CPU
		{386D4FC1-4AD3-483A-8DBC-B71C3871AEAA}.Debug|Any CPU.ActiveCfg = Debug|Any CPU
		{386D4FC1-4AD3-483A-8DBC-B71C3871AEAA}.Debug|Any CPU.Build.0 = Debug|Any CPU
		{386D4FC1-4AD3-483A-8DBC-B71C3871AEAA}.Release|Any CPU.ActiveCfg = Release|Any CPU
		{386D4FC1-4AD3-483A-8DBC-B71C3871AEAA}.Release|Any CPU.Build.0 = Release|Any CPU
		{9F0F0230-BDC2-4AFF-AD43-1318954BFAD5}.Debug|Any CPU.ActiveCfg = Debug|Any CPU
		{9F0F0230-BDC2-4AFF-AD43-1318954BFAD5}.Debug|Any CPU.Build.0 = Debug|Any CPU
		{9F0F0230-BDC2-4AFF-AD43-1318954BFAD5}.Release|Any CPU.ActiveCfg = Release|Any CPU
		{9F0F0230-BDC2-4AFF-AD43-1318954BFAD5}.Release|Any CPU.Build.0 = Release|Any CPU
		{702ABBF6-48C4-4612-894F-AA154FA7302C}.Debug|Any CPU.ActiveCfg = Debug|Any CPU
		{702ABBF6-48C4-4612-894F-AA154FA7302C}.Debug|Any CPU.Build.0 = Debug|Any CPU
		{702ABBF6-48C4-4612-894F-AA154FA7302C}.Release|Any CPU.ActiveCfg = Release|Any CPU
		{702ABBF6-48C4-4612-894F-AA154FA7302C}.Release|Any CPU.Build.0 = Release|Any CPU
		{CE7162E3-F496-4AE1-81E8-1FAB1BC6B2F9}.Debug|Any CPU.ActiveCfg = Debug|Any CPU
		{CE7162E3-F496-4AE1-81E8-1FAB1BC6B2F9}.Debug|Any CPU.Build.0 = Debug|Any CPU
		{CE7162E3-F496-4AE1-81E8-1FAB1BC6B2F9}.Release|Any CPU.ActiveCfg = Release|Any CPU
		{CE7162E3-F496-4AE1-81E8-1FAB1BC6B2F9}.Release|Any CPU.Build.0 = Release|Any CPU
		{ED21903E-F376-44BF-AAE8-DA13AB7D9ABB}.Debug|Any CPU.ActiveCfg = Debug|Any CPU
		{ED21903E-F376-44BF-AAE8-DA13AB7D9ABB}.Debug|Any CPU.Build.0 = Debug|Any CPU
		{ED21903E-F376-44BF-AAE8-DA13AB7D9ABB}.Release|Any CPU.ActiveCfg = Release|Any CPU
		{ED21903E-F376-44BF-AAE8-DA13AB7D9ABB}.Release|Any CPU.Build.0 = Release|Any CPU
		{412A55F0-C0F9-43DD-910C-E45EFE4C5D60}.Debug|Any CPU.ActiveCfg = Debug|Any CPU
		{412A55F0-C0F9-43DD-910C-E45EFE4C5D60}.Debug|Any CPU.Build.0 = Debug|Any CPU
		{412A55F0-C0F9-43DD-910C-E45EFE4C5D60}.Release|Any CPU.ActiveCfg = Release|Any CPU
		{412A55F0-C0F9-43DD-910C-E45EFE4C5D60}.Release|Any CPU.Build.0 = Release|Any CPU
		{67C4755B-E314-47F7-825C-E24C93636366}.Debug|Any CPU.ActiveCfg = Debug|Any CPU
		{67C4755B-E314-47F7-825C-E24C93636366}.Debug|Any CPU.Build.0 = Debug|Any CPU
		{67C4755B-E314-47F7-825C-E24C93636366}.Release|Any CPU.ActiveCfg = Release|Any CPU
		{67C4755B-E314-47F7-825C-E24C93636366}.Release|Any CPU.Build.0 = Release|Any CPU
		{72210864-FCDA-49FD-A263-63D494C49646}.Debug|Any CPU.ActiveCfg = Debug|Any CPU
		{72210864-FCDA-49FD-A263-63D494C49646}.Debug|Any CPU.Build.0 = Debug|Any CPU
		{72210864-FCDA-49FD-A263-63D494C49646}.Release|Any CPU.ActiveCfg = Release|Any CPU
		{72210864-FCDA-49FD-A263-63D494C49646}.Release|Any CPU.Build.0 = Release|Any CPU
		{2F21A767-9E5A-401F-8432-F093B07B523A}.Debug|Any CPU.ActiveCfg = Debug|Any CPU
		{2F21A767-9E5A-401F-8432-F093B07B523A}.Debug|Any CPU.Build.0 = Debug|Any CPU
		{2F21A767-9E5A-401F-8432-F093B07B523A}.Release|Any CPU.ActiveCfg = Release|Any CPU
		{2F21A767-9E5A-401F-8432-F093B07B523A}.Release|Any CPU.Build.0 = Release|Any CPU
		{EB2A5BE9-8BC2-4D8C-9634-B253686D05FC}.Debug|Any CPU.ActiveCfg = Debug|Any CPU
		{EB2A5BE9-8BC2-4D8C-9634-B253686D05FC}.Debug|Any CPU.Build.0 = Debug|Any CPU
		{EB2A5BE9-8BC2-4D8C-9634-B253686D05FC}.Release|Any CPU.ActiveCfg = Release|Any CPU
		{EB2A5BE9-8BC2-4D8C-9634-B253686D05FC}.Release|Any CPU.Build.0 = Release|Any CPU
		{7A540A08-894C-44CE-A843-E1E2B67C0B27}.Debug|Any CPU.ActiveCfg = Debug|Any CPU
		{7A540A08-894C-44CE-A843-E1E2B67C0B27}.Debug|Any CPU.Build.0 = Debug|Any CPU
		{7A540A08-894C-44CE-A843-E1E2B67C0B27}.Release|Any CPU.ActiveCfg = Release|Any CPU
		{7A540A08-894C-44CE-A843-E1E2B67C0B27}.Release|Any CPU.Build.0 = Release|Any CPU
		{B868A8E4-DF84-4464-83E0-78C660E19B05}.Debug|Any CPU.ActiveCfg = Debug|Any CPU
		{B868A8E4-DF84-4464-83E0-78C660E19B05}.Debug|Any CPU.Build.0 = Debug|Any CPU
		{B868A8E4-DF84-4464-83E0-78C660E19B05}.Release|Any CPU.ActiveCfg = Release|Any CPU
		{B868A8E4-DF84-4464-83E0-78C660E19B05}.Release|Any CPU.Build.0 = Release|Any CPU
		{197FA701-1B1F-4A07-84E9-BEFB8EB9FEA6}.Debug|Any CPU.ActiveCfg = Debug|Any CPU
		{197FA701-1B1F-4A07-84E9-BEFB8EB9FEA6}.Debug|Any CPU.Build.0 = Debug|Any CPU
		{197FA701-1B1F-4A07-84E9-BEFB8EB9FEA6}.Release|Any CPU.ActiveCfg = Release|Any CPU
		{197FA701-1B1F-4A07-84E9-BEFB8EB9FEA6}.Release|Any CPU.Build.0 = Release|Any CPU
		{F37BD781-7B94-439A-83C9-FC52DB859DEE}.Debug|Any CPU.ActiveCfg = Debug|Any CPU
		{F37BD781-7B94-439A-83C9-FC52DB859DEE}.Debug|Any CPU.Build.0 = Debug|Any CPU
		{F37BD781-7B94-439A-83C9-FC52DB859DEE}.Release|Any CPU.ActiveCfg = Release|Any CPU
		{F37BD781-7B94-439A-83C9-FC52DB859DEE}.Release|Any CPU.Build.0 = Release|Any CPU
		{D4734D9D-59A4-4FFD-9A0A-1E8215E259B3}.Debug|Any CPU.ActiveCfg = Debug|Any CPU
		{D4734D9D-59A4-4FFD-9A0A-1E8215E259B3}.Debug|Any CPU.Build.0 = Debug|Any CPU
		{D4734D9D-59A4-4FFD-9A0A-1E8215E259B3}.Release|Any CPU.ActiveCfg = Release|Any CPU
		{D4734D9D-59A4-4FFD-9A0A-1E8215E259B3}.Release|Any CPU.Build.0 = Release|Any CPU
	EndGlobalSection
	GlobalSection(SolutionProperties) = preSolution
		HideSolutionNode = FALSE
	EndGlobalSection
	GlobalSection(NestedProjects) = preSolution
		{9AACCFF1-2F73-4E53-BCC1-0D21492BFD4E} = {8796B8CF-7645-4185-B789-8B3A30371638}
		{8967A750-832F-4AD4-B8F1-8C732B587068} = {8796B8CF-7645-4185-B789-8B3A30371638}
		{1FC6F726-6F2C-4EC1-9927-2C91B1490D39} = {8796B8CF-7645-4185-B789-8B3A30371638}
		{386D4FC1-4AD3-483A-8DBC-B71C3871AEAA} = {F8E2F5F4-F8A1-45EB-BD5D-26374D50B2D6}
		{9F0F0230-BDC2-4AFF-AD43-1318954BFAD5} = {F8E2F5F4-F8A1-45EB-BD5D-26374D50B2D6}
		{702ABBF6-48C4-4612-894F-AA154FA7302C} = {F8E2F5F4-F8A1-45EB-BD5D-26374D50B2D6}
		{CE7162E3-F496-4AE1-81E8-1FAB1BC6B2F9} = {2C1692C3-FE66-4596-805F-AB8F88AEA711}
		{ED21903E-F376-44BF-AAE8-DA13AB7D9ABB} = {2C1692C3-FE66-4596-805F-AB8F88AEA711}
		{412A55F0-C0F9-43DD-910C-E45EFE4C5D60} = {2C1692C3-FE66-4596-805F-AB8F88AEA711}
		{67C4755B-E314-47F7-825C-E24C93636366} = {AA563DD5-DC99-4D62-8D7D-2223F0523A8D}
		{72210864-FCDA-49FD-A263-63D494C49646} = {AA563DD5-DC99-4D62-8D7D-2223F0523A8D}
		{2F21A767-9E5A-401F-8432-F093B07B523A} = {AA563DD5-DC99-4D62-8D7D-2223F0523A8D}
		{EB2A5BE9-8BC2-4D8C-9634-B253686D05FC} = {BA4BBAB6-4B72-4526-B91E-7036DDBF900B}
		{7A540A08-894C-44CE-A843-E1E2B67C0B27} = {BA4BBAB6-4B72-4526-B91E-7036DDBF900B}
		{B868A8E4-DF84-4464-83E0-78C660E19B05} = {BA4BBAB6-4B72-4526-B91E-7036DDBF900B}
		{197FA701-1B1F-4A07-84E9-BEFB8EB9FEA6} = {DDFA9A5C-4724-4B9C-A933-A6698EF36EB3}
		{F37BD781-7B94-439A-83C9-FC52DB859DEE} = {DDFA9A5C-4724-4B9C-A933-A6698EF36EB3}
		{D4734D9D-59A4-4FFD-9A0A-1E8215E259B3} = {DDFA9A5C-4724-4B9C-A933-A6698EF36EB3}
	EndGlobalSection
	GlobalSection(ExtensibilityGlobals) = postSolution
		SolutionGuid = {94E8EC40-75A8-4076-94A6-EBA6B17CD967}
	EndGlobalSection
EndGlobal
